// !$*UTF8*$!
{
	archiveVersion = 1;
	classes = {
	};
	objectVersion = 48;
	objects = {

/* Begin PBXBuildFile section */
		B50E1D1F205652C700C1135A /* Cosmic_LoomView.h in Headers */ = {isa = PBXBuildFile; fileRef = B50E1D1E205652C700C1135A /* Cosmic_LoomView.h */; };
		B50E1D21205652C700C1135A /* Cosmic_LoomView.m in Sources */ = {isa = PBXBuildFile; fileRef = B50E1D20205652C700C1135A /* Cosmic_LoomView.m */; };
		B50E1D2A205657B100C1135A /* thumbnail.png in Resources */ = {isa = PBXBuildFile; fileRef = B50E1D28205657B100C1135A /* thumbnail.png */; };
		B50E1D2B205657B100C1135A /* thumbnail@2x.png in Resources */ = {isa = PBXBuildFile; fileRef = B50E1D29205657B100C1135A /* thumbnail@2x.png */; };
/* End PBXBuildFile section */

/* Begin PBXFileReference section */
		B50E1D1B205652C700C1135A /* Cosmic Loom.saver */ = {isa = PBXFileReference; explicitFileType = wrapper.cfbundle; includeInIndex = 0; path = "Cosmic Loom.saver"; sourceTree = BUILT_PRODUCTS_DIR; };
		B50E1D1E205652C700C1135A /* Cosmic_LoomView.h */ = {isa = PBXFileReference; lastKnownFileType = sourcecode.c.h; path = Cosmic_LoomView.h; sourceTree = "<group>"; };
		B50E1D20205652C700C1135A /* Cosmic_LoomView.m */ = {isa = PBXFileReference; lastKnownFileType = sourcecode.c.objc; path = Cosmic_LoomView.m; sourceTree = "<group>"; };
		B50E1D22205652C700C1135A /* Info.plist */ = {isa = PBXFileReference; lastKnownFileType = text.plist.xml; path = Info.plist; sourceTree = "<group>"; };
		B50E1D28205657B100C1135A /* thumbnail.png */ = {isa = PBXFileReference; lastKnownFileType = image.png; path = thumbnail.png; sourceTree = "<group>"; };
		B50E1D29205657B100C1135A /* thumbnail@2x.png */ = {isa = PBXFileReference; lastKnownFileType = image.png; path = "thumbnail@2x.png"; sourceTree = "<group>"; };
/* End PBXFileReference section */

/* Begin PBXFrameworksBuildPhase section */
		B50E1D17205652C700C1135A /* Frameworks */ = {
			isa = PBXFrameworksBuildPhase;
			buildActionMask = 2147483647;
			files = (
			);
			runOnlyForDeploymentPostprocessing = 0;
		};
/* End PBXFrameworksBuildPhase section */

/* Begin PBXGroup section */
		B50E1D11205652C700C1135A = {
			isa = PBXGroup;
			children = (
				B50E1D1D205652C700C1135A /* Cosmic Loom */,
				B50E1D1C205652C700C1135A /* Products */,
			);
			sourceTree = "<group>";
		};
		B50E1D1C205652C700C1135A /* Products */ = {
			isa = PBXGroup;
			children = (
				B50E1D1B205652C700C1135A /* Cosmic Loom.saver */,
			);
			name = Products;
			sourceTree = "<group>";
		};
		B50E1D1D205652C700C1135A /* Cosmic Loom */ = {
			isa = PBXGroup;
			children = (
				B50E1D1E205652C700C1135A /* Cosmic_LoomView.h */,
				B50E1D20205652C700C1135A /* Cosmic_LoomView.m */,
				B50E1D28205657B100C1135A /* thumbnail.png */,
				B50E1D29205657B100C1135A /* thumbnail@2x.png */,
				B50E1D22205652C700C1135A /* Info.plist */,
			);
			path = "Cosmic Loom";
			sourceTree = "<group>";
		};
/* End PBXGroup section */

/* Begin PBXHeadersBuildPhase section */
		B50E1D18205652C700C1135A /* Headers */ = {
			isa = PBXHeadersBuildPhase;
			buildActionMask = 2147483647;
			files = (
				B50E1D1F205652C700C1135A /* Cosmic_LoomView.h in Headers */,
			);
			runOnlyForDeploymentPostprocessing = 0;
		};
/* End PBXHeadersBuildPhase section */

/* Begin PBXNativeTarget section */
		B50E1D1A205652C700C1135A /* Cosmic Loom */ = {
			isa = PBXNativeTarget;
			buildConfigurationList = B50E1D25205652C700C1135A /* Build configuration list for PBXNativeTarget "Cosmic Loom" */;
			buildPhases = (
				B50E1D16205652C700C1135A /* Sources */,
				B50E1D17205652C700C1135A /* Frameworks */,
				B50E1D18205652C700C1135A /* Headers */,
				B50E1D19205652C700C1135A /* Resources */,
			);
			buildRules = (
			);
			dependencies = (
			);
			name = "Cosmic Loom";
			productName = "Cosmic Loom";
			productReference = B50E1D1B205652C700C1135A /* Cosmic Loom.saver */;
			productType = "com.apple.product-type.bundle";
		};
/* End PBXNativeTarget section */

/* Begin PBXProject section */
		B50E1D12205652C700C1135A /* Project object */ = {
			isa = PBXProject;
			attributes = {
				LastUpgradeCheck = 0930;
				ORGANIZATIONNAME = "Dead Horse Labs, LLC";
				TargetAttributes = {
					B50E1D1A205652C700C1135A = {
						CreatedOnToolsVersion = 9.2;
						ProvisioningStyle = Automatic;
					};
				};
			};
			buildConfigurationList = B50E1D15205652C700C1135A /* Build configuration list for PBXProject "Cosmic Loom" */;
			compatibilityVersion = "Xcode 8.0";
			developmentRegion = en;
			hasScannedForEncodings = 0;
			knownRegions = (
				en,
			);
			mainGroup = B50E1D11205652C700C1135A;
			productRefGroup = B50E1D1C205652C700C1135A /* Products */;
			projectDirPath = "";
			projectRoot = "";
			targets = (
				B50E1D1A205652C700C1135A /* Cosmic Loom */,
			);
		};
/* End PBXProject section */

/* Begin PBXResourcesBuildPhase section */
		B50E1D19205652C700C1135A /* Resources */ = {
			isa = PBXResourcesBuildPhase;
			buildActionMask = 2147483647;
			files = (
				B50E1D2A205657B100C1135A /* thumbnail.png in Resources */,
				B50E1D2B205657B100C1135A /* thumbnail@2x.png in Resources */,
			);
			runOnlyForDeploymentPostprocessing = 0;
		};
/* End PBXResourcesBuildPhase section */

/* Begin PBXSourcesBuildPhase section */
		B50E1D16205652C700C1135A /* Sources */ = {
			isa = PBXSourcesBuildPhase;
			buildActionMask = 2147483647;
			files = (
				B50E1D21205652C700C1135A /* Cosmic_LoomView.m in Sources */,
			);
			runOnlyForDeploymentPostprocessing = 0;
		};
/* End PBXSourcesBuildPhase section */

/* Begin XCBuildConfiguration section */
		B50E1D23205652C700C1135A /* Debug */ = {
			isa = XCBuildConfiguration;
			buildSettings = {
				ALWAYS_SEARCH_USER_PATHS = NO;
				CLANG_ANALYZER_NONNULL = YES;
				CLANG_ANALYZER_NUMBER_OBJECT_CONVERSION = YES_AGGRESSIVE;
				CLANG_CXX_LANGUAGE_STANDARD = "gnu++14";
				CLANG_CXX_LIBRARY = "libc++";
				CLANG_ENABLE_MODULES = YES;
				CLANG_ENABLE_OBJC_ARC = YES;
				CLANG_WARN_BLOCK_CAPTURE_AUTORELEASING = YES;
				CLANG_WARN_BOOL_CONVERSION = YES;
				CLANG_WARN_COMMA = YES;
				CLANG_WARN_CONSTANT_CONVERSION = YES;
				CLANG_WARN_DEPRECATED_OBJC_IMPLEMENTATIONS = YES;
				CLANG_WARN_DIRECT_OBJC_ISA_USAGE = YES_ERROR;
				CLANG_WARN_DOCUMENTATION_COMMENTS = YES;
				CLANG_WARN_EMPTY_BODY = YES;
				CLANG_WARN_ENUM_CONVERSION = YES;
				CLANG_WARN_INFINITE_RECURSION = YES;
				CLANG_WARN_INT_CONVERSION = YES;
				CLANG_WARN_NON_LITERAL_NULL_CONVERSION = YES;
				CLANG_WARN_OBJC_IMPLICIT_RETAIN_SELF = YES;
				CLANG_WARN_OBJC_LITERAL_CONVERSION = YES;
				CLANG_WARN_OBJC_ROOT_CLASS = YES_ERROR;
				CLANG_WARN_RANGE_LOOP_ANALYSIS = YES;
				CLANG_WARN_STRICT_PROTOTYPES = YES;
				CLANG_WARN_SUSPICIOUS_MOVE = YES;
				CLANG_WARN_UNGUARDED_AVAILABILITY = YES_AGGRESSIVE;
				CLANG_WARN_UNREACHABLE_CODE = YES;
				CLANG_WARN__DUPLICATE_METHOD_MATCH = YES;
				CODE_SIGN_IDENTITY = "Mac Developer";
				COPY_PHASE_STRIP = NO;
				DEBUG_INFORMATION_FORMAT = dwarf;
				ENABLE_STRICT_OBJC_MSGSEND = YES;
				ENABLE_TESTABILITY = YES;
				GCC_C_LANGUAGE_STANDARD = gnu11;
				GCC_DYNAMIC_NO_PIC = NO;
				GCC_NO_COMMON_BLOCKS = YES;
				GCC_OPTIMIZATION_LEVEL = 0;
				GCC_PREPROCESSOR_DEFINITIONS = (
					"DEBUG=1",
					"$(inherited)",
				);
				GCC_WARN_64_TO_32_BIT_CONVERSION = YES;
				GCC_WARN_ABOUT_RETURN_TYPE = YES_ERROR;
				GCC_WARN_UNDECLARED_SELECTOR = YES;
				GCC_WARN_UNINITIALIZED_AUTOS = YES_AGGRESSIVE;
				GCC_WARN_UNUSED_FUNCTION = YES;
				GCC_WARN_UNUSED_VARIABLE = YES;
				MACOSX_DEPLOYMENT_TARGET = 10.13;
				MTL_ENABLE_DEBUG_INFO = YES;
				ONLY_ACTIVE_ARCH = YES;
				SDKROOT = macosx;
			};
			name = Debug;
		};
		B50E1D24205652C700C1135A /* Release */ = {
			isa = XCBuildConfiguration;
			buildSettings = {
				ALWAYS_SEARCH_USER_PATHS = NO;
				CLANG_ANALYZER_NONNULL = YES;
				CLANG_ANALYZER_NUMBER_OBJECT_CONVERSION = YES_AGGRESSIVE;
				CLANG_CXX_LANGUAGE_STANDARD = "gnu++14";
				CLANG_CXX_LIBRARY = "libc++";
				CLANG_ENABLE_MODULES = YES;
				CLANG_ENABLE_OBJC_ARC = YES;
				CLANG_WARN_BLOCK_CAPTURE_AUTORELEASING = YES;
				CLANG_WARN_BOOL_CONVERSION = YES;
				CLANG_WARN_COMMA = YES;
				CLANG_WARN_CONSTANT_CONVERSION = YES;
				CLANG_WARN_DEPRECATED_OBJC_IMPLEMENTATIONS = YES;
				CLANG_WARN_DIRECT_OBJC_ISA_USAGE = YES_ERROR;
				CLANG_WARN_DOCUMENTATION_COMMENTS = YES;
				CLANG_WARN_EMPTY_BODY = YES;
				CLANG_WARN_ENUM_CONVERSION = YES;
				CLANG_WARN_INFINITE_RECURSION = YES;
				CLANG_WARN_INT_CONVERSION = YES;
				CLANG_WARN_NON_LITERAL_NULL_CONVERSION = YES;
				CLANG_WARN_OBJC_IMPLICIT_RETAIN_SELF = YES;
				CLANG_WARN_OBJC_LITERAL_CONVERSION = YES;
				CLANG_WARN_OBJC_ROOT_CLASS = YES_ERROR;
				CLANG_WARN_RANGE_LOOP_ANALYSIS = YES;
				CLANG_WARN_STRICT_PROTOTYPES = YES;
				CLANG_WARN_SUSPICIOUS_MOVE = YES;
				CLANG_WARN_UNGUARDED_AVAILABILITY = YES_AGGRESSIVE;
				CLANG_WARN_UNREACHABLE_CODE = YES;
				CLANG_WARN__DUPLICATE_METHOD_MATCH = YES;
				CODE_SIGN_IDENTITY = "Mac Developer";
				COPY_PHASE_STRIP = NO;
				DEBUG_INFORMATION_FORMAT = "dwarf-with-dsym";
				ENABLE_NS_ASSERTIONS = NO;
				ENABLE_STRICT_OBJC_MSGSEND = YES;
				GCC_C_LANGUAGE_STANDARD = gnu11;
				GCC_NO_COMMON_BLOCKS = YES;
				GCC_WARN_64_TO_32_BIT_CONVERSION = YES;
				GCC_WARN_ABOUT_RETURN_TYPE = YES_ERROR;
				GCC_WARN_UNDECLARED_SELECTOR = YES;
				GCC_WARN_UNINITIALIZED_AUTOS = YES_AGGRESSIVE;
				GCC_WARN_UNUSED_FUNCTION = YES;
				GCC_WARN_UNUSED_VARIABLE = YES;
				MACOSX_DEPLOYMENT_TARGET = 10.13;
				MTL_ENABLE_DEBUG_INFO = NO;
				SDKROOT = macosx;
			};
			name = Release;
		};
		B50E1D26205652C700C1135A /* Debug */ = {
			isa = XCBuildConfiguration;
			buildSettings = {
				CLANG_ENABLE_OBJC_ARC = YES;
				CODE_SIGN_STYLE = Automatic;
				COMBINE_HIDPI_IMAGES = YES;
				DEVELOPMENT_TEAM = 4XTYL8RTG4;
				INFOPLIST_FILE = "Cosmic Loom/Info.plist";
				INSTALL_PATH = "$(HOME)/Library/Screen Savers";
				PRODUCT_BUNDLE_IDENTIFIER = "com.dead-horse-labs.Cosmic-Loom";
				PRODUCT_NAME = "$(TARGET_NAME)";
				WRAPPER_EXTENSION = saver;
			};
			name = Debug;
		};
		B50E1D27205652C700C1135A /* Release */ = {
			isa = XCBuildConfiguration;
			buildSettings = {
				CLANG_ENABLE_OBJC_ARC = YES;
				CODE_SIGN_STYLE = Automatic;
				COMBINE_HIDPI_IMAGES = YES;
				DEVELOPMENT_TEAM = 4XTYL8RTG4;
				INFOPLIST_FILE = "Cosmic Loom/Info.plist";
				INSTALL_PATH = "$(HOME)/Library/Screen Savers";
				PRODUCT_BUNDLE_IDENTIFIER = "com.dead-horse-labs.Cosmic-Loom";
				PRODUCT_NAME = "$(TARGET_NAME)";
				WRAPPER_EXTENSION = saver;
			};
			name = Release;
		};
/* End XCBuildConfiguration section */

/* Begin XCConfigurationList section */
		B50E1D15205652C700C1135A /* Build configuration list for PBXProject "Cosmic Loom" */ = {
			isa = XCConfigurationList;
			buildConfigurations = (
				B50E1D23205652C700C1135A /* Debug */,
				B50E1D24205652C700C1135A /* Release */,
			);
			defaultConfigurationIsVisible = 0;
			defaultConfigurationName = Release;
		};
		B50E1D25205652C700C1135A /* Build configuration list for PBXNativeTarget "Cosmic Loom" */ = {
			isa = XCConfigurationList;
			buildConfigurations = (
				B50E1D26205652C700C1135A /* Debug */,
				B50E1D27205652C700C1135A /* Release */,
			);
			defaultConfigurationIsVisible = 0;
			defaultConfigurationName = Release;
		};
/* End XCConfigurationList section */
	};
	rootObject = B50E1D12205652C700C1135A /* Project object */;
}
